# This file was autogenerated by uv via the following command:
#    uv pip compile pyproject.toml --generate-hashes --python-version 3.14 --python-platform windows --output-file requirements.lock
numpy==2.4.4 \
    --hash=sha256:5c70f1cc1c4efbe316a572e2d8b9b9cc44e89b95f79ca3331553fbb63716e2bf
    # via cinepulse-studio (pyproject.toml)
